<?xml version="1.0" encoding="UTF-8" standalone="yes" ?>
<CodeBlocks_project_file>
	<FileVersion major="1" minor="6" />
	<Project>
		<Option title="origami-wa" />
		<Option pch_mode="2" />
		<Option compiler="gcc" />
		<Build>
			<Target title="Debug">
				<Option output="bin/Debug/origami-wa" prefix_auto="1" extension_auto="1" />
				<Option object_output="obj/Debug/" />
				<Option type="1" />
				<Option compiler="gcc" />
				<Compiler>
					<Add option="-g" />
				</Compiler>
			</Target>
			<Target title="Release">
				<Option output="bin/Release/origami-wa" prefix_auto="1" extension_auto="1" />
				<Option object_output="obj/Release/" />
				<Option type="1" />
				<Option compiler="gcc" />
				<Compiler>
					<Add option="-O2" />
				</Compiler>
				<Linker>
					<Add option="-s" />
				</Linker>
			</Target>
		</Build>
		<Compiler>
			<Add option="-Wall" />
		</Compiler>
		<Linker>
			<Add library="GL" />
			<Add library="glut" />
			<Add library="GLEW" />
			<Add library="SOIL" />
		</Linker>
		<Unit filename="core/coreengine.cpp" />
		<Unit filename="core/coreengine.h" />
		<Unit filename="core/input.cpp" />
		<Unit filename="core/input.h" />
		<Unit filename="core/timer.cpp" />
		<Unit filename="core/timer.h" />
		<Unit filename="core/transform.h" />
		<Unit filename="main.cpp" />
		<Unit filename="models/cube.obj" />
		<Unit filename="models/cylinder.obj" />
		<Unit filename="models/plane.obj" />
		<Unit filename="physicsengine/boundingbox.cpp" />
		<Unit filename="physicsengine/boundingbox.h" />
		<Unit filename="physicsengine/boundingsphere.cpp" />
		<Unit filename="physicsengine/boundingsphere.h" />
		<Unit filename="physicsengine/physicsengine.cpp" />
		<Unit filename="physicsengine/physicsengine.h" />
		<Unit filename="physicsengine/physicsobject.cpp" />
		<Unit filename="physicsengine/physicsobject.h" />
		<Unit filename="physicsengine/plane.cpp" />
		<Unit filename="physicsengine/plane.h" />
		<Unit filename="rendering/camera.cpp" />
		<Unit filename="rendering/camera.h" />
		<Unit filename="rendering/mesh.cpp" />
		<Unit filename="rendering/mesh.h" />
		<Unit filename="rendering/renderingengine.cpp" />
		<Unit filename="rendering/renderingengine.h" />
		<Unit filename="rendering/shader.cpp" />
		<Unit filename="rendering/shader.h" />
		<Unit filename="rendering/texture.cpp" />
		<Unit filename="rendering/texture.h" />
		<Unit filename="rendering/window.cpp" />
		<Unit filename="rendering/window.h" />
		<Unit filename="scene.cpp" />
		<Unit filename="scene.h" />
		<Unit filename="shaders/basic.fs.glsl" />
		<Unit filename="shaders/basic.vs.glsl" />
		<Unit filename="textures/grass.jpg" />
		<Unit filename="textures/paper.jpg" />
		<Extensions>
			<code_completion />
			<debugger />
		</Extensions>
	</Project>
</CodeBlocks_project_file>
